
Microsoft Visual Studio Solution File, Format Version 12.00
# Visual Studio Version 17
VisualStudioVersion = 17.4.33205.214
MinimumVisualStudioVersion = 10.0.40219.1
Project("{888888A0-9F3D-457C-B088-3A5042F75D52}") = "Banker's Algorithm V2", "Banker's Algorithm V2\Banker's Algorithm V2.pyproj", "{5332E571-403C-4503-83B0-6CDD20207DA6}"
EndProject
Global
	GlobalSection(SolutionConfigurationPlatforms) = preSolution
		Debug|Any CPU = Debug|Any CPU
		Release|Any CPU = Release|Any CPU
	EndGlobalSection
	GlobalSection(ProjectConfigurationPlatforms) = postSolution
		{5332E571-403C-4503-83B0-6CDD20207DA6}.Debug|Any CPU.ActiveCfg = Debug|Any CPU
		{5332E571-403C-4503-83B0-6CDD20207DA6}.Release|Any CPU.ActiveCfg = Release|Any CPU
	EndGlobalSection
	GlobalSection(SolutionProperties) = preSolution
		HideSolutionNode = FALSE
	EndGlobalSection
	GlobalSection(ExtensibilityGlobals) = postSolution
		SolutionGuid = {300BBF76-2C45-40B9-B217-EC8A4E1026D3}
	EndGlobalSection
EndGlobal
